
Microsoft Visual Studio Solution File, Format Version 12.00
# Visual Studio Version 17
VisualStudioVersion = 17.9.34728.123
MinimumVisualStudioVersion = 10.0.40219.1
Project("{FAE04EC0-301F-11D3-BF4B-00C04F79EFBC}") = "MusicShop", "MusicShop\MusicShop.csproj", "{3AB68A65-AAFF-47DD-9219-769B5B22A4F6}"
EndProject
Project("{FAE04EC0-301F-11D3-BF4B-00C04F79EFBC}") = "MusicShop.DataAccess", "MusicShop.DataAccess\MusicShop.DataAccess.csproj", "{11105D1C-EDB0-4F00-8A0A-103A667A52D9}"
EndProject
Project("{FAE04EC0-301F-11D3-BF4B-00C04F79EFBC}") = "MusicShop.Utility", "MusicShop.Utility\MusicShop.Utility.csproj", "{7144EF25-0504-4DB3-A9D7-283BD4441AC8}"
EndProject
Project("{FAE04EC0-301F-11D3-BF4B-00C04F79EFBC}") = "MusicShop.ViewModels", "MusicShop.ViewModels\MusicShop.ViewModels.csproj", "{CBE9462C-6347-475C-B94B-8C8C24B27388}"
EndProject
Project("{FAE04EC0-301F-11D3-BF4B-00C04F79EFBC}") = "MusicShop.Models", "MusicShop.Models\MusicShop.Models.csproj", "{8F94BF81-5BB3-4E07-B26C-399CE4CB25CC}"
EndProject
Global
	GlobalSection(SolutionConfigurationPlatforms) = preSolution
		Debug|Any CPU = Debug|Any CPU
		Release|Any CPU = Release|Any CPU
	EndGlobalSection
	GlobalSection(ProjectConfigurationPlatforms) = postSolution
		{3AB68A65-AAFF-47DD-9219-769B5B22A4F6}.Debug|Any CPU.ActiveCfg = Debug|Any CPU
		{3AB68A65-AAFF-47DD-9219-769B5B22A4F6}.Debug|Any CPU.Build.0 = Debug|Any CPU
		{3AB68A65-AAFF-47DD-9219-769B5B22A4F6}.Release|Any CPU.ActiveCfg = Release|Any CPU
		{3AB68A65-AAFF-47DD-9219-769B5B22A4F6}.Release|Any CPU.Build.0 = Release|Any CPU
		{11105D1C-EDB0-4F00-8A0A-103A667A52D9}.Debug|Any CPU.ActiveCfg = Debug|Any CPU
		{11105D1C-EDB0-4F00-8A0A-103A667A52D9}.Debug|Any CPU.Build.0 = Debug|Any CPU
		{11105D1C-EDB0-4F00-8A0A-103A667A52D9}.Release|Any CPU.ActiveCfg = Release|Any CPU
		{11105D1C-EDB0-4F00-8A0A-103A667A52D9}.Release|Any CPU.Build.0 = Release|Any CPU
		{7144EF25-0504-4DB3-A9D7-283BD4441AC8}.Debug|Any CPU.ActiveCfg = Debug|Any CPU
		{7144EF25-0504-4DB3-A9D7-283BD4441AC8}.Debug|Any CPU.Build.0 = Debug|Any CPU
		{7144EF25-0504-4DB3-A9D7-283BD4441AC8}.Release|Any CPU.ActiveCfg = Release|Any CPU
		{7144EF25-0504-4DB3-A9D7-283BD4441AC8}.Release|Any CPU.Build.0 = Release|Any CPU
		{CBE9462C-6347-475C-B94B-8C8C24B27388}.Debug|Any CPU.ActiveCfg = Debug|Any CPU
		{CBE9462C-6347-475C-B94B-8C8C24B27388}.Debug|Any CPU.Build.0 = Debug|Any CPU
		{CBE9462C-6347-475C-B94B-8C8C24B27388}.Release|Any CPU.ActiveCfg = Release|Any CPU
		{CBE9462C-6347-475C-B94B-8C8C24B27388}.Release|Any CPU.Build.0 = Release|Any CPU
		{8F94BF81-5BB3-4E07-B26C-399CE4CB25CC}.Debug|Any CPU.ActiveCfg = Debug|Any CPU
		{8F94BF81-5BB3-4E07-B26C-399CE4CB25CC}.Debug|Any CPU.Build.0 = Debug|Any CPU
		{8F94BF81-5BB3-4E07-B26C-399CE4CB25CC}.Release|Any CPU.ActiveCfg = Release|Any CPU
		{8F94BF81-5BB3-4E07-B26C-399CE4CB25CC}.Release|Any CPU.Build.0 = Release|Any CPU
	EndGlobalSection
	GlobalSection(SolutionProperties) = preSolution
		HideSolutionNode = FALSE
	EndGlobalSection
	GlobalSection(ExtensibilityGlobals) = postSolution
		SolutionGuid = {508AD8DF-BDAD-4C83-97AC-4E5E58F377FD}
	EndGlobalSection
EndGlobal
